
Microsoft Visual Studio Solution File, Format Version 12.00
# Visual Studio Version 16
VisualStudioVersion = 16.0.29411.108
MinimumVisualStudioVersion = 10.0.40219.1
Project("{FAE04EC0-301F-11D3-BF4B-00C04F79EFBC}") = "Day3", "Day3\Day3.csproj", "{39C6E869-14DB-4651-AD8B-21EE7AD816E8}"
EndProject
Project("{2150E333-8FDC-42A3-9474-1A3956D46DE8}") = "Solution Items", "Solution Items", "{61D15556-F6BF-4C7D-9532-FC1D35AAC313}"
EndProject
Global
	GlobalSection(SolutionConfigurationPlatforms) = preSolution
		Debug|Any CPU = Debug|Any CPU
		Release|Any CPU = Release|Any CPU
	EndGlobalSection
	GlobalSection(ProjectConfigurationPlatforms) = postSolution
		{39C6E869-14DB-4651-AD8B-21EE7AD816E8}.Debug|Any CPU.ActiveCfg = Debug|Any CPU
		{39C6E869-14DB-4651-AD8B-21EE7AD816E8}.Debug|Any CPU.Build.0 = Debug|Any CPU
		{39C6E869-14DB-4651-AD8B-21EE7AD816E8}.Release|Any CPU.ActiveCfg = Release|Any CPU
		{39C6E869-14DB-4651-AD8B-21EE7AD816E8}.Release|Any CPU.Build.0 = Release|Any CPU
	EndGlobalSection
	GlobalSection(SolutionProperties) = preSolution
		HideSolutionNode = FALSE
	EndGlobalSection
	GlobalSection(ExtensibilityGlobals) = postSolution
		SolutionGuid = {24C8F6AF-6C68-4683-A3CB-6BB353DBFAB9}
	EndGlobalSection
EndGlobal
