
Microsoft Visual Studio Solution File, Format Version 12.00
# Visual Studio Version 16
VisualStudioVersion = 16.0.29326.143
MinimumVisualStudioVersion = 10.0.40219.1
Project("{9A19103F-16F7-4668-BE54-9A1E7A4F7556}") = "StudentEnrollmentDemoD9", "StudentEnrollmentDemoD9\StudentEnrollmentDemoD9.csproj", "{FCF26596-AE31-48E7-8891-5B6AF2187C43}"
EndProject
Project("{FAE04EC0-301F-11D3-BF4B-00C04F79EFBC}") = "XUnitTestProject1", "XUnitTestProject1\XUnitTestProject1.csproj", "{5B0FA31C-4B12-459F-AE2A-D3B256C2F7D6}"
EndProject
Global
	GlobalSection(SolutionConfigurationPlatforms) = preSolution
		Debug|Any CPU = Debug|Any CPU
		Release|Any CPU = Release|Any CPU
	EndGlobalSection
	GlobalSection(ProjectConfigurationPlatforms) = postSolution
		{FCF26596-AE31-48E7-8891-5B6AF2187C43}.Debug|Any CPU.ActiveCfg = Debug|Any CPU
		{FCF26596-AE31-48E7-8891-5B6AF2187C43}.Debug|Any CPU.Build.0 = Debug|Any CPU
		{FCF26596-AE31-48E7-8891-5B6AF2187C43}.Release|Any CPU.ActiveCfg = Release|Any CPU
		{FCF26596-AE31-48E7-8891-5B6AF2187C43}.Release|Any CPU.Build.0 = Release|Any CPU
		{5B0FA31C-4B12-459F-AE2A-D3B256C2F7D6}.Debug|Any CPU.ActiveCfg = Debug|Any CPU
		{5B0FA31C-4B12-459F-AE2A-D3B256C2F7D6}.Debug|Any CPU.Build.0 = Debug|Any CPU
		{5B0FA31C-4B12-459F-AE2A-D3B256C2F7D6}.Release|Any CPU.ActiveCfg = Release|Any CPU
		{5B0FA31C-4B12-459F-AE2A-D3B256C2F7D6}.Release|Any CPU.Build.0 = Release|Any CPU
	EndGlobalSection
	GlobalSection(SolutionProperties) = preSolution
		HideSolutionNode = FALSE
	EndGlobalSection
	GlobalSection(ExtensibilityGlobals) = postSolution
		SolutionGuid = {78878584-D4B2-453C-ACDD-12EA8A48D9EB}
	EndGlobalSection
EndGlobal
