
Microsoft Visual Studio Solution File, Format Version 12.00
# Visual Studio Version 16
VisualStudioVersion = 16.0.29326.143
MinimumVisualStudioVersion = 10.0.40219.1
Project("{FAE04EC0-301F-11D3-BF4B-00C04F79EFBC}") = "Class01Demo_d9", "Class01Demo_d9\Class01Demo_d9.csproj", "{30908359-C638-4457-9D2F-1AF572CAA024}"
EndProject
Global
	GlobalSection(SolutionConfigurationPlatforms) = preSolution
		Debug|Any CPU = Debug|Any CPU
		Release|Any CPU = Release|Any CPU
	EndGlobalSection
	GlobalSection(ProjectConfigurationPlatforms) = postSolution
		{30908359-C638-4457-9D2F-1AF572CAA024}.Debug|Any CPU.ActiveCfg = Debug|Any CPU
		{30908359-C638-4457-9D2F-1AF572CAA024}.Debug|Any CPU.Build.0 = Debug|Any CPU
		{30908359-C638-4457-9D2F-1AF572CAA024}.Release|Any CPU.ActiveCfg = Release|Any CPU
		{30908359-C638-4457-9D2F-1AF572CAA024}.Release|Any CPU.Build.0 = Release|Any CPU
	EndGlobalSection
	GlobalSection(SolutionProperties) = preSolution
		HideSolutionNode = FALSE
	EndGlobalSection
	GlobalSection(ExtensibilityGlobals) = postSolution
		SolutionGuid = {0E6266F2-9750-47C4-9F15-2933027286FC}
	EndGlobalSection
EndGlobal
