
Microsoft Visual Studio Solution File, Format Version 12.00
# Visual Studio Version 16
VisualStudioVersion = 16.0.29326.143
MinimumVisualStudioVersion = 10.0.40219.1
Project("{FAE04EC0-301F-11D3-BF4B-00C04F79EFBC}") = "Class11Demo", "Class11Demo\Class11Demo.csproj", "{D325D2C3-D4AE-4BE7-8871-C1A6B01A5FA5}"
EndProject
Global
	GlobalSection(SolutionConfigurationPlatforms) = preSolution
		Debug|Any CPU = Debug|Any CPU
		Release|Any CPU = Release|Any CPU
	EndGlobalSection
	GlobalSection(ProjectConfigurationPlatforms) = postSolution
		{D325D2C3-D4AE-4BE7-8871-C1A6B01A5FA5}.Debug|Any CPU.ActiveCfg = Debug|Any CPU
		{D325D2C3-D4AE-4BE7-8871-C1A6B01A5FA5}.Debug|Any CPU.Build.0 = Debug|Any CPU
		{D325D2C3-D4AE-4BE7-8871-C1A6B01A5FA5}.Release|Any CPU.ActiveCfg = Release|Any CPU
		{D325D2C3-D4AE-4BE7-8871-C1A6B01A5FA5}.Release|Any CPU.Build.0 = Release|Any CPU
	EndGlobalSection
	GlobalSection(SolutionProperties) = preSolution
		HideSolutionNode = FALSE
	EndGlobalSection
	GlobalSection(ExtensibilityGlobals) = postSolution
		SolutionGuid = {4D3DCCB8-C1DF-4952-98E4-1AEAE48E14F5}
	EndGlobalSection
EndGlobal
