
Microsoft Visual Studio Solution File, Format Version 12.00
# Visual Studio Version 16
VisualStudioVersion = 16.0.29326.143
MinimumVisualStudioVersion = 10.0.40219.1
Project("{FAE04EC0-301F-11D3-BF4B-00C04F79EFBC}") = "BinaryTree", "BinaryTree\BinaryTree.csproj", "{98C81C58-0E16-4494-9569-BC233F5CECCE}"
EndProject
Global
	GlobalSection(SolutionConfigurationPlatforms) = preSolution
		Debug|Any CPU = Debug|Any CPU
		Release|Any CPU = Release|Any CPU
	EndGlobalSection
	GlobalSection(ProjectConfigurationPlatforms) = postSolution
		{98C81C58-0E16-4494-9569-BC233F5CECCE}.Debug|Any CPU.ActiveCfg = Debug|Any CPU
		{98C81C58-0E16-4494-9569-BC233F5CECCE}.Debug|Any CPU.Build.0 = Debug|Any CPU
		{98C81C58-0E16-4494-9569-BC233F5CECCE}.Release|Any CPU.ActiveCfg = Release|Any CPU
		{98C81C58-0E16-4494-9569-BC233F5CECCE}.Release|Any CPU.Build.0 = Release|Any CPU
	EndGlobalSection
	GlobalSection(SolutionProperties) = preSolution
		HideSolutionNode = FALSE
	EndGlobalSection
	GlobalSection(ExtensibilityGlobals) = postSolution
		SolutionGuid = {2D464AA4-8F9F-46D5-A3E7-C34DA0D33EE8}
	EndGlobalSection
EndGlobal
